
Microsoft Visual Studio Solution File, Format Version 12.00
# Visual Studio Version 16
VisualStudioVersion = 16.0.31313.79
MinimumVisualStudioVersion = 10.0.40219.1
Project("{FAE04EC0-301F-11D3-BF4B-00C04F79EFBC}") = "Jewelpet-Mahou-no-Oheya-Editor", "Jewelpet-Mahou-no-Oheya-Editor\Jewelpet-Mahou-no-Oheya-Editor.csproj", "{A82E3288-853C-438A-891C-0539D9417CA8}"
EndProject
Project("{FAE04EC0-301F-11D3-BF4B-00C04F79EFBC}") = "PuyoToolsCompressionPort", "PuyoToolsCompressionPort\PuyoToolsCompressionPort.csproj", "{2CD04619-1194-4394-B284-AB4CEC6D775F}"
EndProject
Project("{FAE04EC0-301F-11D3-BF4B-00C04F79EFBC}") = "JewelpetEditorTests", "JewelpetEditorTests\JewelpetEditorTests.csproj", "{7A24DE23-C7BC-4367-B5C3-09F6E39E8EB6}"
EndProject
Global
	GlobalSection(SolutionConfigurationPlatforms) = preSolution
		Debug|Any CPU = Debug|Any CPU
		Release|Any CPU = Release|Any CPU
	EndGlobalSection
	GlobalSection(ProjectConfigurationPlatforms) = postSolution
		{A82E3288-853C-438A-891C-0539D9417CA8}.Debug|Any CPU.ActiveCfg = Debug|Any CPU
		{A82E3288-853C-438A-891C-0539D9417CA8}.Debug|Any CPU.Build.0 = Debug|Any CPU
		{A82E3288-853C-438A-891C-0539D9417CA8}.Release|Any CPU.ActiveCfg = Release|Any CPU
		{A82E3288-853C-438A-891C-0539D9417CA8}.Release|Any CPU.Build.0 = Release|Any CPU
		{2CD04619-1194-4394-B284-AB4CEC6D775F}.Debug|Any CPU.ActiveCfg = Debug|Any CPU
		{2CD04619-1194-4394-B284-AB4CEC6D775F}.Debug|Any CPU.Build.0 = Debug|Any CPU
		{2CD04619-1194-4394-B284-AB4CEC6D775F}.Release|Any CPU.ActiveCfg = Release|Any CPU
		{2CD04619-1194-4394-B284-AB4CEC6D775F}.Release|Any CPU.Build.0 = Release|Any CPU
		{7A24DE23-C7BC-4367-B5C3-09F6E39E8EB6}.Debug|Any CPU.ActiveCfg = Debug|Any CPU
		{7A24DE23-C7BC-4367-B5C3-09F6E39E8EB6}.Debug|Any CPU.Build.0 = Debug|Any CPU
		{7A24DE23-C7BC-4367-B5C3-09F6E39E8EB6}.Release|Any CPU.ActiveCfg = Release|Any CPU
		{7A24DE23-C7BC-4367-B5C3-09F6E39E8EB6}.Release|Any CPU.Build.0 = Release|Any CPU
	EndGlobalSection
	GlobalSection(SolutionProperties) = preSolution
		HideSolutionNode = FALSE
	EndGlobalSection
	GlobalSection(ExtensibilityGlobals) = postSolution
		SolutionGuid = {88E4210C-EEE0-4520-B4A5-9E9934C63DDF}
	EndGlobalSection
EndGlobal
